
Microsoft Visual Studio Solution File, Format Version 12.00
Project("{FAE04EC0-301F-11D3-BF4B-00C04F79EFBC}") = "ADS-ED2-04_09_2023", "ADS-ED2-04_09_2023\ADS-ED2-04_09_2023.csproj", "{DC2D8BCE-8873-4661-BE17-8DCBE9ECA40D}"
EndProject
Global
	GlobalSection(SolutionConfigurationPlatforms) = preSolution
		Debug|Any CPU = Debug|Any CPU
		Release|Any CPU = Release|Any CPU
	EndGlobalSection
	GlobalSection(ProjectConfigurationPlatforms) = postSolution
		{DC2D8BCE-8873-4661-BE17-8DCBE9ECA40D}.Debug|Any CPU.ActiveCfg = Debug|Any CPU
		{DC2D8BCE-8873-4661-BE17-8DCBE9ECA40D}.Debug|Any CPU.Build.0 = Debug|Any CPU
		{DC2D8BCE-8873-4661-BE17-8DCBE9ECA40D}.Release|Any CPU.ActiveCfg = Release|Any CPU
		{DC2D8BCE-8873-4661-BE17-8DCBE9ECA40D}.Release|Any CPU.Build.0 = Release|Any CPU
	EndGlobalSection
EndGlobal
